{
  "R": {
    "Version": "4.6.1",
    "Repositories": [
      {
        "Name": "CRAN",
        "URL": "https://packagemanager.posit.co/cran/latest"
      }
    ]
  },
  "Packages": {
    "askpass": {
      "Package": "askpass",
      "Version": "1.2.1",
      "Source": "Repository",
      "License": "MIT + file LICENSE",
      "Imports": ["sys (>= 2.1)"],
      "Suggests": ["testthat"],
      "NeedsCompilation": "yes",
      "Repository": "CRAN"
    },
    "cli": {
      "Package": "cli",
      "Version": "3.6.6",
      "Source": "Repository",
      "License": "MIT + file LICENSE",
      "Depends": ["R (>= 3.4)"],
      "Imports": ["utils"],
      "Suggests": ["callr", "covr", "crayon", "digest", "glue (>= 1.6.0)", "grDevices", "htmltools", "htmlwidgets", "knitr", "methods", "processx", "ps (>= 1.3.4.9000)", "rlang (>= 1.0.2.9003)", "rmarkdown", "rprojroot", "rstudioapi", "testthat (>= 3.2.0)", "tibble", "whoami", "withr"],
      "NeedsCompilation": "yes",
      "Repository": "CRAN"
    },
    "curl": {
      "Package": "curl",
      "Version": "7.1.0",
      "Source": "Repository",
      "License": "MIT + file LICENSE",
      "Depends": ["R (>= 3.0.0)"],
      "Suggests": ["spelling", "testthat (>= 1.0.0)", "knitr", "jsonlite", "later", "rmarkdown", "httpuv (>= 1.4.4)", "webutils"],
      "NeedsCompilation": "yes",
      "Repository": "CRAN"
    },
    "glue": {
      "Package": "glue",
      "Version": "1.8.1",
      "Source": "Repository",
      "License": "MIT + file LICENSE",
      "Depends": ["R (>= 4.1)"],
      "Imports": ["methods"],
      "Suggests": ["crayon", "DBI (>= 1.2.0)", "dplyr", "knitr", "rlang", "rmarkdown", "RSQLite", "testthat (>= 3.2.0)", "vctrs (>= 0.3.0)", "waldo (>= 0.5.3)", "withr"],
      "NeedsCompilation": "yes",
      "Repository": "CRAN"
    },
    "httr2": {
      "Package": "httr2",
      "Version": "1.3.0",
      "Source": "Repository",
      "License": "MIT + file LICENSE",
      "Depends": ["R (>= 4.1)"],
      "Imports": ["cli (>= 3.0.0)", "curl (>= 6.4.0)", "glue", "lifecycle", "magrittr", "openssl", "R6", "rlang (>= 1.3.0)", "vctrs (>= 0.6.3)", "withr"],
      "Suggests": ["askpass", "bench", "clipr", "covr", "digest", "docopt", "httpuv", "jose", "jsonlite", "knitr", "later (>= 1.4.0)", "nanonext", "otel (>= 0.2.0)", "otelsdk (>= 0.2.0)", "paws.common (>= 0.8.0)", "promises", "rappdirs", "rmarkdown", "testthat (>= 3.1.8)", "tibble", "webfakes (>= 1.4.0)", "xml2"],
      "NeedsCompilation": "no",
      "Repository": "CRAN"
    },
    "jsonlite": {
      "Package": "jsonlite",
      "Version": "2.0.0",
      "Source": "Repository",
      "License": "MIT + file LICENSE",
      "Depends": ["methods"],
      "Suggests": ["httr", "vctrs", "testthat", "knitr", "rmarkdown", "R.rsp", "sf"],
      "NeedsCompilation": "yes",
      "Repository": "CRAN"
    },
    "lifecycle": {
      "Package": "lifecycle",
      "Version": "1.0.5",
      "Source": "Repository",
      "License": "MIT + file LICENSE",
      "Depends": ["R (>= 3.6)"],
      "Imports": ["cli (>= 3.4.0)", "rlang (>= 1.1.0)"],
      "Suggests": ["covr", "knitr", "lintr (>= 3.1.0)", "rmarkdown", "testthat (>= 3.0.1)", "tibble", "tidyverse", "tools", "vctrs", "withr", "xml2"],
      "NeedsCompilation": "no",
      "Repository": "CRAN"
    },
    "magrittr": {
      "Package": "magrittr",
      "Version": "2.0.5",
      "Source": "Repository",
      "License": "MIT + file LICENSE",
      "Depends": ["R (>= 3.4.0)"],
      "Suggests": ["covr", "knitr", "rlang", "rmarkdown", "testthat"],
      "NeedsCompilation": "yes",
      "Repository": "CRAN"
    },
    "openssl": {
      "Package": "openssl",
      "Version": "2.4.2",
      "Source": "Repository",
      "License": "MIT + file LICENSE",
      "Imports": ["askpass"],
      "Suggests": ["curl", "testthat (>= 2.1.0)", "digest", "knitr", "rmarkdown", "jsonlite", "jose", "sodium"],
      "NeedsCompilation": "yes",
      "Repository": "CRAN"
    },
    "R6": {
      "Package": "R6",
      "Version": "2.6.1",
      "Source": "Repository",
      "License": "MIT + file LICENSE",
      "Depends": ["R (>= 3.6)"],
      "Suggests": ["lobstr", "testthat (>= 3.0.0)"],
      "NeedsCompilation": "no",
      "Repository": "CRAN"
    },
    "rlang": {
      "Package": "rlang",
      "Version": "1.3.0",
      "Source": "Repository",
      "License": "MIT + file LICENSE",
      "Depends": ["R (>= 4.0.0)"],
      "Imports": ["utils"],
      "Suggests": ["cli (>= 3.1.0)", "covr", "crayon", "desc", "fs", "glue", "knitr", "magrittr", "methods", "pillar", "pkgload", "rmarkdown", "stats", "testthat (>= 3.3.2)", "tibble", "usethis", "vctrs (>= 0.2.3)", "withr"],
      "NeedsCompilation": "yes",
      "Repository": "CRAN"
    },
    "sys": {
      "Package": "sys",
      "Version": "3.4.3",
      "Source": "Repository",
      "License": "MIT + file LICENSE",
      "Suggests": ["unix (>= 1.4)", "spelling", "testthat"],
      "NeedsCompilation": "yes",
      "Repository": "CRAN"
    },
    "vctrs": {
      "Package": "vctrs",
      "Version": "0.7.3",
      "Source": "Repository",
      "License": "MIT + file LICENSE",
      "Depends": ["R (>= 4.0.0)"],
      "Imports": ["cli (>= 3.4.0)", "glue", "lifecycle (>= 1.0.3)", "rlang (>= 1.1.7)"],
      "Suggests": ["bit64", "covr", "crayon", "dplyr (>= 0.8.5)", "generics", "knitr", "pillar (>= 1.4.4)", "pkgdown (>= 2.0.1)", "rmarkdown", "testthat (>= 3.0.0)", "tibble (>= 3.1.3)", "waldo (>= 0.2.0)", "withr", "xml2", "zeallot"],
      "NeedsCompilation": "yes",
      "Repository": "CRAN"
    },
    "withr": {
      "Package": "withr",
      "Version": "3.0.3",
      "Source": "Repository",
      "License": "MIT + file LICENSE",
      "Depends": ["R (>= 3.6.0)"],
      "Imports": ["graphics", "grDevices"],
      "Suggests": ["callr", "DBI", "knitr", "methods", "rlang", "rmarkdown (>= 2.12)", "RSQLite", "testthat (>= 3.0.0)"],
      "NeedsCompilation": "no",
      "Repository": "CRAN"
    }
  }
}
