{
  "R": {
    "Version": "4.1.0",
    "Repositories": [
      {
        "Name": "repos",
        "URL": "https://cran.rstudio.com"
      }
    ]
  },
  "Packages": {
    "crayon": {
      "Package": "crayon",
      "Version": "1.4.2",
      "Source": "Repository",
      "Repository": "CRAN",
      "Hash": "0a6a65d92bd45b47b94b84244b528d17"
    },
    "renv": {
      "Package": "renv",
      "Version": "0.14.0",
      "Source": "Repository",
      "Repository": "CRAN",
      "Hash": "30e5eba91b67f7f4d75d31de14bbfbdc"
    }
  }
}
